{
  "name": "tutorial-ui5",
  "version": "1.0.0",
  "lockfileVersion": 1,
  "requires": true,
  "dependencies": {
    "@openui5/sap.m": {
      "version": "1.72.1",
      "resolved": "https://registry.npm.taobao.org/@openui5/sap.m/download/@openui5/sap.m-1.72.1.tgz",
      "integrity": "sha1-8lf/OzpXUvVGZSlLTxsHexs6QeQ=",
      "requires": {
        "@openui5/sap.ui.core": "1.72.1",
        "@openui5/sap.ui.layout": "1.72.1",
        "@openui5/sap.ui.unified": "1.72.1"
      }
    },
    "@openui5/sap.tnt": {
      "version": "1.73.1",
      "resolved": "https://registry.npm.taobao.org/@openui5/sap.tnt/download/@openui5/sap.tnt-1.73.1.tgz",
      "integrity": "sha1-U/laEozAWYCLfUTh0tweUu7eyw0=",
      "requires": {
        "@openui5/sap.m": "1.73.1",
        "@openui5/sap.ui.core": "1.73.1"
      },
      "dependencies": {
        "@openui5/sap.m": {
          "version": "1.73.1",
          "resolved": "https://registry.npm.taobao.org/@openui5/sap.m/download/@openui5/sap.m-1.73.1.tgz",
          "integrity": "sha1-J/KuKwgQ0zYVAHwEEUn/oXdzMYc=",
          "requires": {
            "@openui5/sap.ui.core": "1.73.1",
            "@openui5/sap.ui.layout": "1.73.1",
            "@openui5/sap.ui.unified": "1.73.1"
          }
        },
        "@openui5/sap.ui.core": {
          "version": "1.73.1",
          "resolved": "https://registry.npm.taobao.org/@openui5/sap.ui.core/download/@openui5/sap.ui.core-1.73.1.tgz",
          "integrity": "sha1-SFLK4o/9+vMZovAPYUlrjz/WM5Q="
        },
        "@openui5/sap.ui.layout": {
          "version": "1.73.1",
          "resolved": "https://registry.npm.taobao.org/@openui5/sap.ui.layout/download/@openui5/sap.ui.layout-1.73.1.tgz",
          "integrity": "sha1-ba2aepay8tYkiq3+/5Pvrc5rio0=",
          "requires": {
            "@openui5/sap.ui.core": "1.73.1"
          }
        },
        "@openui5/sap.ui.unified": {
          "version": "1.73.1",
          "resolved": "https://registry.npm.taobao.org/@openui5/sap.ui.unified/download/@openui5/sap.ui.unified-1.73.1.tgz",
          "integrity": "sha1-q4Zzrcl/ALxoZc0u4nKa1demoQA=",
          "requires": {
            "@openui5/sap.ui.core": "1.73.1"
          }
        }
      }
    },
    "@openui5/sap.ui.core": {
      "version": "1.72.1",
      "resolved": "https://registry.npm.taobao.org/@openui5/sap.ui.core/download/@openui5/sap.ui.core-1.72.1.tgz",
      "integrity": "sha1-x53S/KqrBROz7oVWslXRe4gwulY="
    },
    "@openui5/sap.ui.layout": {
      "version": "1.72.1",
      "resolved": "https://registry.npm.taobao.org/@openui5/sap.ui.layout/download/@openui5/sap.ui.layout-1.72.1.tgz",
      "integrity": "sha1-wioDKGbG0QML8mvsNK77AvpJwjo=",
      "requires": {
        "@openui5/sap.ui.core": "1.72.1"
      }
    },
    "@openui5/sap.ui.unified": {
      "version": "1.72.1",
      "resolved": "https://registry.npm.taobao.org/@openui5/sap.ui.unified/download/@openui5/sap.ui.unified-1.72.1.tgz",
      "integrity": "sha1-i38wVXyXjWI8XOe/ABQWejzeoSg=",
      "requires": {
        "@openui5/sap.ui.core": "1.72.1"
      }
    },
    "@openui5/themelib_sap_belize": {
      "version": "1.72.1",
      "resolved": "https://registry.npm.taobao.org/@openui5/themelib_sap_belize/download/@openui5/themelib_sap_belize-1.72.1.tgz",
      "integrity": "sha1-mexwoOcNEHMjDHpfN4dGfHyRlrg="
    },
    "lodash": {
      "version": "4.17.15",
      "resolved": "https://registry.npm.taobao.org/lodash/download/lodash-4.17.15.tgz?cache=0&other_urls=https%3A%2F%2Fregistry.npm.taobao.org%2Flodash%2Fdownload%2Flodash-4.17.15.tgz",
      "integrity": "sha1-tEf2ZwoEVbv+7dETku/zMOoJdUg="
    }
  }
}
