{
  "name": "tutorial-ui5",
  "version": "1.0.0",
  "lockfileVersion": 1,
  "requires": true,
  "dependencies": {
    "@openui5/sap.m": {
      "version": "1.72.1",
      "resolved": "https://registry.npm.taobao.org/@openui5/sap.m/download/@openui5/sap.m-1.72.1.tgz",
      "integrity": "sha1-8lf/OzpXUvVGZSlLTxsHexs6QeQ=",
      "requires": {
        "@openui5/sap.ui.core": "1.72.1",
        "@openui5/sap.ui.layout": "1.72.1",
        "@openui5/sap.ui.unified": "1.72.1"
      }
    },
    "@openui5/sap.ui.core": {
      "version": "1.72.1",
      "resolved": "https://registry.npm.taobao.org/@openui5/sap.ui.core/download/@openui5/sap.ui.core-1.72.1.tgz",
      "integrity": "sha1-x53S/KqrBROz7oVWslXRe4gwulY="
    },
    "@openui5/sap.ui.layout": {
      "version": "1.72.1",
      "resolved": "https://registry.npm.taobao.org/@openui5/sap.ui.layout/download/@openui5/sap.ui.layout-1.72.1.tgz",
      "integrity": "sha1-wioDKGbG0QML8mvsNK77AvpJwjo=",
      "requires": {
        "@openui5/sap.ui.core": "1.72.1"
      }
    },
    "@openui5/sap.ui.unified": {
      "version": "1.72.1",
      "resolved": "https://registry.npm.taobao.org/@openui5/sap.ui.unified/download/@openui5/sap.ui.unified-1.72.1.tgz",
      "integrity": "sha1-i38wVXyXjWI8XOe/ABQWejzeoSg=",
      "requires": {
        "@openui5/sap.ui.core": "1.72.1"
      }
    },
    "@openui5/themelib_sap_belize": {
      "version": "1.72.1",
      "resolved": "https://registry.npm.taobao.org/@openui5/themelib_sap_belize/download/@openui5/themelib_sap_belize-1.72.1.tgz",
      "integrity": "sha1-mexwoOcNEHMjDHpfN4dGfHyRlrg="
    }
  }
}
